
Microsoft Visual Studio Solution File, Format Version 12.00
# Visual Studio 2013
VisualStudioVersion = 12.0.21005.1
MinimumVisualStudioVersion = 10.0.40219.1
Project("{FAE04EC0-301F-11D3-BF4B-00C04F79EFBC}") = "ThamQuanTDMU", "ThamQuanTDMU\ThamQuanTDMU.csproj", "{6C2AC7F4-738D-4BDE-8BD5-98142ECA201F}"
EndProject
Global
	GlobalSection(TeamFoundationVersionControl) = preSolution
		SccNumberOfProjects = 2
		SccEnterpriseProvider = {4CA58AB2-18FA-4F8D-95D4-32DDF27D184C}
		SccTeamFoundationServer = https://hntluan.visualstudio.com/
		SccLocalPath0 = .
		SccProjectUniqueName1 = ThamQuanTDMU\\ThamQuanTDMU.csproj
		SccProjectName1 = ThamQuanTDMU
		SccLocalPath1 = ThamQuanTDMU
	EndGlobalSection
	GlobalSection(SolutionConfigurationPlatforms) = preSolution
		Debug|Any CPU = Debug|Any CPU
		Release|Any CPU = Release|Any CPU
	EndGlobalSection
	GlobalSection(ProjectConfigurationPlatforms) = postSolution
		{6C2AC7F4-738D-4BDE-8BD5-98142ECA201F}.Debug|Any CPU.ActiveCfg = Debug|Any CPU
		{6C2AC7F4-738D-4BDE-8BD5-98142ECA201F}.Debug|Any CPU.Build.0 = Debug|Any CPU
		{6C2AC7F4-738D-4BDE-8BD5-98142ECA201F}.Release|Any CPU.ActiveCfg = Release|Any CPU
		{6C2AC7F4-738D-4BDE-8BD5-98142ECA201F}.Release|Any CPU.Build.0 = Release|Any CPU
	EndGlobalSection
	GlobalSection(SolutionProperties) = preSolution
		HideSolutionNode = FALSE
	EndGlobalSection
EndGlobal
